
Microsoft Visual Studio Solution File, Format Version 12.00
# Visual Studio 2013
VisualStudioVersion = 12.0.21005.1
MinimumVisualStudioVersion = 10.0.40219.1
Project("{8BC9CEB8-8B4A-11D0-8D11-00A0C91BC942}") = "XD", "XD\XD.vcxproj", "{76EFC0D3-1F62-48B3-8AE7-C6A436796ECE}"
EndProject
Global
	GlobalSection(SolutionConfigurationPlatforms) = preSolution
		Debug|Win32 = Debug|Win32
		Release|Win32 = Release|Win32
	EndGlobalSection
	GlobalSection(ProjectConfigurationPlatforms) = postSolution
		{76EFC0D3-1F62-48B3-8AE7-C6A436796ECE}.Debug|Win32.ActiveCfg = Debug|Win32
		{76EFC0D3-1F62-48B3-8AE7-C6A436796ECE}.Debug|Win32.Build.0 = Debug|Win32
		{76EFC0D3-1F62-48B3-8AE7-C6A436796ECE}.Release|Win32.ActiveCfg = Release|Win32
		{76EFC0D3-1F62-48B3-8AE7-C6A436796ECE}.Release|Win32.Build.0 = Release|Win32
	EndGlobalSection
	GlobalSection(SolutionProperties) = preSolution
		HideSolutionNode = FALSE
	EndGlobalSection
EndGlobal
